
Microsoft Visual Studio Solution File, Format Version 12.00
# Visual Studio Version 17
VisualStudioVersion = 17.14.36310.24 d17.14
MinimumVisualStudioVersion = 10.0.40219.1
Project("{FAE04EC0-301F-11D3-BF4B-00C04F79EFBC}") = "Encapsulamiento", "Encapsulamiento.csproj", "{4D80FAA1-C927-4E7A-A927-86353651815C}"
EndProject
Project("{FAE04EC0-301F-11D3-BF4B-00C04F79EFBC}") = "Herencia", "..\Herencia\Herencia.csproj", "{D048A652-DF7A-4552-8557-79BCA5269952}"
EndProject
Global
	GlobalSection(SolutionConfigurationPlatforms) = preSolution
		Debug|Any CPU = Debug|Any CPU
		Release|Any CPU = Release|Any CPU
	EndGlobalSection
	GlobalSection(ProjectConfigurationPlatforms) = postSolution
		{4D80FAA1-C927-4E7A-A927-86353651815C}.Debug|Any CPU.ActiveCfg = Debug|Any CPU
		{4D80FAA1-C927-4E7A-A927-86353651815C}.Debug|Any CPU.Build.0 = Debug|Any CPU
		{4D80FAA1-C927-4E7A-A927-86353651815C}.Release|Any CPU.ActiveCfg = Release|Any CPU
		{4D80FAA1-C927-4E7A-A927-86353651815C}.Release|Any CPU.Build.0 = Release|Any CPU
		{D048A652-DF7A-4552-8557-79BCA5269952}.Debug|Any CPU.ActiveCfg = Debug|Any CPU
		{D048A652-DF7A-4552-8557-79BCA5269952}.Debug|Any CPU.Build.0 = Debug|Any CPU
		{D048A652-DF7A-4552-8557-79BCA5269952}.Release|Any CPU.ActiveCfg = Release|Any CPU
		{D048A652-DF7A-4552-8557-79BCA5269952}.Release|Any CPU.Build.0 = Release|Any CPU
	EndGlobalSection
	GlobalSection(SolutionProperties) = preSolution
		HideSolutionNode = FALSE
	EndGlobalSection
	GlobalSection(ExtensibilityGlobals) = postSolution
		SolutionGuid = {0A03C7E1-7229-4A86-BABD-FBD328F388B7}
	EndGlobalSection
EndGlobal
